{
  "name": "node_practice",
  "version": "1.0.0",
  "lockfileVersion": 1,
  "requires": true,
  "dependencies": {
    "@fortawesome/fontawesome-common-types": {
      "version": "0.2.32",
      "resolved": "https://registry.npmjs.org/@fortawesome/fontawesome-common-types/-/fontawesome-common-types-0.2.32.tgz",
      "integrity": "sha512-ux2EDjKMpcdHBVLi/eWZynnPxs0BtFVXJkgHIxXRl+9ZFaHPvYamAfCzeeQFqHRjuJtX90wVnMRaMQAAlctz3w=="
    },
    "@fortawesome/fontawesome-svg-core": {
      "version": "1.2.32",
      "resolved": "https://registry.npmjs.org/@fortawesome/fontawesome-svg-core/-/fontawesome-svg-core-1.2.32.tgz",
      "integrity": "sha512-XjqyeLCsR/c/usUpdWcOdVtWFVjPbDFBTQkn2fQRrWhhUoxriQohO2RWDxLyUM8XpD+Zzg5xwJ8gqTYGDLeGaQ==",
      "requires": {
        "@fortawesome/fontawesome-common-types": "^0.2.32"
      }
    },
    "@fortawesome/free-regular-svg-icons": {
      "version": "5.15.1",
      "resolved": "https://registry.npmjs.org/@fortawesome/free-regular-svg-icons/-/free-regular-svg-icons-5.15.1.tgz",
      "integrity": "sha512-eD9NWFy89e7SVVtrLedJUxIpCBGhd4x7s7dhesokjyo1Tw62daqN5UcuAGu1NrepLLq1IeAYUVfWwnOjZ/j3HA==",
      "requires": {
        "@fortawesome/fontawesome-common-types": "^0.2.32"
      }
    },
    "@fortawesome/free-solid-svg-icons": {
      "version": "5.15.1",
      "resolved": "https://registry.npmjs.org/@fortawesome/free-solid-svg-icons/-/free-solid-svg-icons-5.15.1.tgz",
      "integrity": "sha512-EFMuKtzRMNbvjab/SvJBaOOpaqJfdSap/Nl6hst7CgrJxwfORR1drdTV6q1Ib/JVzq4xObdTDcT6sqTaXMqfdg==",
      "requires": {
        "@fortawesome/fontawesome-common-types": "^0.2.32"
      }
    },
    "@open-ayame/ayame-web-sdk": {
      "version": "2020.3.0",
      "resolved": "https://registry.npmjs.org/@open-ayame/ayame-web-sdk/-/ayame-web-sdk-2020.3.0.tgz",
      "integrity": "sha512-GS8Tp4JX4BToc3LdZLvfBqds7IBUKx0P6bf20LIuB/4du1pp4rc/bv0YiMZ4erWnJ+6uDYQqvY5HQYsSrD6hCw=="
    },
    "qs": {
      "version": "6.9.4",
      "resolved": "https://registry.npmjs.org/qs/-/qs-6.9.4.tgz",
      "integrity": "sha512-A1kFqHekCTM7cz0udomYUoYNWjBebHm/5wzU/XqrBRBNWectVH0QIiN+NEcZ0Dte5hvzHwbr8+XQmguPhJ6WdQ=="
    },
    "regenerator-runtime": {
      "version": "0.13.7",
      "resolved": "https://registry.npmjs.org/regenerator-runtime/-/regenerator-runtime-0.13.7.tgz",
      "integrity": "sha512-a54FxoJDIr27pgf7IgeQGxmqUNYrcV338lf/6gH456HZ/PhX+5BcwHXG9ajESmwe6WRO0tAzRUrRmNONWgkrew=="
    }
  }
}
